
Microsoft Visual Studio Solution File, Format Version 12.00
# Visual Studio Version 17
VisualStudioVersion = 17.10.35027.167
MinimumVisualStudioVersion = 10.0.40219.1
Project("{9A19103F-16F7-4668-BE54-9A1E7A4F7556}") = "LinkedinLearningWarehouse", "src\LinkedinLearningWarehouse.csproj", "{58D6E595-0D7C-424A-BFF2-2B931F28F499}"
EndProject
Global
	GlobalSection(SolutionConfigurationPlatforms) = preSolution
		Debug|Any CPU = Debug|Any CPU
		Release|Any CPU = Release|Any CPU
	EndGlobalSection
	GlobalSection(ProjectConfigurationPlatforms) = postSolution
		{58D6E595-0D7C-424A-BFF2-2B931F28F499}.Debug|Any CPU.ActiveCfg = Debug|Any CPU
		{58D6E595-0D7C-424A-BFF2-2B931F28F499}.Debug|Any CPU.Build.0 = Debug|Any CPU
		{58D6E595-0D7C-424A-BFF2-2B931F28F499}.Release|Any CPU.ActiveCfg = Release|Any CPU
		{58D6E595-0D7C-424A-BFF2-2B931F28F499}.Release|Any CPU.Build.0 = Release|Any CPU
	EndGlobalSection
	GlobalSection(SolutionProperties) = preSolution
		HideSolutionNode = FALSE
	EndGlobalSection
	GlobalSection(ExtensibilityGlobals) = postSolution
		SolutionGuid = {FC97D9DB-02CB-48B9-B1B0-4BABB0BA55D1}
	EndGlobalSection
EndGlobal
